// !$*UTF8*$!
{
	archiveVersion = 1;
	classes = {
	};
	objectVersion = 46;
	objects = {

/* Begin PBXBuildFile section */
		8BFC7E9AE0E565EB51DE6C75 /* Pods_Album_Pairs.framework in Frameworks */ = {isa = PBXBuildFile; fileRef = 856522C264A154D4574AE422 /* Pods_Album_Pairs.framework */; };
		AE1AA05F185BA3EC0007AE5A /* StartViewController.m in Sources */ = {isa = PBXBuildFile; fileRef = AE1AA05E185BA3EC0007AE5A /* StartViewController.m */; };
		AE1AA062185C879A0007AE5A /* APMusicPlayer.m in Sources */ = {isa = PBXBuildFile; fileRef = AE1AA061185C879A0007AE5A /* APMusicPlayer.m */; };
		AE1AECE51AFA204F00C33A3C /* Crashlytics.framework in Frameworks */ = {isa = PBXBuildFile; fileRef = AE23259C185F785A002D308D /* Crashlytics.framework */; };
		AE23267A185F8960002D308D /* tick.png in Resources */ = {isa = PBXBuildFile; fileRef = AE232679185F8960002D308D /* tick.png */; };
		AE2A70E42421539800C948C2 /* Assets.xcassets in Resources */ = {isa = PBXBuildFile; fileRef = AE2A70E32421539800C948C2 /* Assets.xcassets */; };
		AE3291F5186093FE00C2F2FF /* about.html in Resources */ = {isa = PBXBuildFile; fileRef = AE3291F4186093FE00C2F2FF /* about.html */; };
		AE3291F81860947300C2F2FF /* AboutViewController.m in Sources */ = {isa = PBXBuildFile; fileRef = AE3291F71860947300C2F2FF /* AboutViewController.m */; };
		AE5B98D41853527000C7F8D1 /* Foundation.framework in Frameworks */ = {isa = PBXBuildFile; fileRef = AE5B98D31853527000C7F8D1 /* Foundation.framework */; };
		AE5B98D61853527000C7F8D1 /* CoreGraphics.framework in Frameworks */ = {isa = PBXBuildFile; fileRef = AE5B98D51853527000C7F8D1 /* CoreGraphics.framework */; };
		AE5B98D81853527000C7F8D1 /* UIKit.framework in Frameworks */ = {isa = PBXBuildFile; fileRef = AE5B98D71853527000C7F8D1 /* UIKit.framework */; };
		AE5B98DE1853527000C7F8D1 /* InfoPlist.strings in Resources */ = {isa = PBXBuildFile; fileRef = AE5B98DC1853527000C7F8D1 /* InfoPlist.strings */; };
		AE5B98E01853527000C7F8D1 /* main.m in Sources */ = {isa = PBXBuildFile; fileRef = AE5B98DF1853527000C7F8D1 /* main.m */; };
		AE5B98E41853527000C7F8D1 /* AppDelegate.m in Sources */ = {isa = PBXBuildFile; fileRef = AE5B98E31853527000C7F8D1 /* AppDelegate.m */; };
		AE5B98E71853527000C7F8D1 /* Main.storyboard in Resources */ = {isa = PBXBuildFile; fileRef = AE5B98E51853527000C7F8D1 /* Main.storyboard */; };
		AE5B98EA1853527000C7F8D1 /* GameViewController.m in Sources */ = {isa = PBXBuildFile; fileRef = AE5B98E91853527000C7F8D1 /* GameViewController.m */; };
		AE5B98EC1853527000C7F8D1 /* Images.xcassets in Resources */ = {isa = PBXBuildFile; fileRef = AE5B98EB1853527000C7F8D1 /* Images.xcassets */; };
		AE5B98F31853527000C7F8D1 /* XCTest.framework in Frameworks */ = {isa = PBXBuildFile; fileRef = AE5B98F21853527000C7F8D1 /* XCTest.framework */; };
		AE5B98F41853527000C7F8D1 /* Foundation.framework in Frameworks */ = {isa = PBXBuildFile; fileRef = AE5B98D31853527000C7F8D1 /* Foundation.framework */; };
		AE5B98F51853527000C7F8D1 /* UIKit.framework in Frameworks */ = {isa = PBXBuildFile; fileRef = AE5B98D71853527000C7F8D1 /* UIKit.framework */; };
		AE5B98FD1853527000C7F8D1 /* InfoPlist.strings in Resources */ = {isa = PBXBuildFile; fileRef = AE5B98FB1853527000C7F8D1 /* InfoPlist.strings */; };
		AE5B98FF1853527000C7F8D1 /* Album_PairsTests.m in Sources */ = {isa = PBXBuildFile; fileRef = AE5B98FE1853527000C7F8D1 /* Album_PairsTests.m */; };
		AE5B990F1853752000C7F8D1 /* APCard.m in Sources */ = {isa = PBXBuildFile; fileRef = AE5B990E1853752000C7F8D1 /* APCard.m */; };
		AE5B99111853B53000C7F8D1 /* card-back.png in Resources */ = {isa = PBXBuildFile; fileRef = AE5B99101853B53000C7F8D1 /* card-back.png */; };
		AE5B99131854EA3900C7F8D1 /* GameKit.framework in Frameworks */ = {isa = PBXBuildFile; fileRef = AE5B99121854EA3900C7F8D1 /* GameKit.framework */; };
		AE8382AA1857281000E06C10 /* PairsCard.m in Sources */ = {isa = PBXBuildFile; fileRef = AE8382A91857281000E06C10 /* PairsCard.m */; };
		AE8C97211860B84100B4A207 /* names.txt in Resources */ = {isa = PBXBuildFile; fileRef = AE8C97201860B84100B4A207 /* names.txt */; };
		AE8C97231860BAB600B4A207 /* ClassicAlbums in Resources */ = {isa = PBXBuildFile; fileRef = AE8C97221860BAB600B4A207 /* ClassicAlbums */; };
		AE8C97FA1860C6BF00B4A207 /* CoreData.framework in Frameworks */ = {isa = PBXBuildFile; fileRef = AE23266B185F80F9002D308D /* CoreData.framework */; };
		AE8C97FB1860C6C700B4A207 /* SystemConfiguration.framework in Frameworks */ = {isa = PBXBuildFile; fileRef = AE23266D185F8101002D308D /* SystemConfiguration.framework */; };
		AE8C982F1860CB5000B4A207 /* AdSupport.framework in Frameworks */ = {isa = PBXBuildFile; fileRef = AE8C982E1860CB5000B4A207 /* AdSupport.framework */; };
		AE8C986C1861022D00B4A207 /* libz.dylib in Frameworks */ = {isa = PBXBuildFile; fileRef = AE23266F185F810C002D308D /* libz.dylib */; };
		AE953FA6242149B80055E1D5 /* background.png in Resources */ = {isa = PBXBuildFile; fileRef = AE953FA4242149B80055E1D5 /* background.png */; };
		AE953FA7242149B80055E1D5 /* background@2x.png in Resources */ = {isa = PBXBuildFile; fileRef = AE953FA5242149B80055E1D5 /* background@2x.png */; };
		AEC90A29188560B900A48F97 /* player_buttons in Resources */ = {isa = PBXBuildFile; fileRef = AEC90A28188560B900A48F97 /* player_buttons */; };
		AEDEDB2B185B937700DD1127 /* Config.plist in Resources */ = {isa = PBXBuildFile; fileRef = AEDEDB2A185B937700DD1127 /* Config.plist */; };
		AEE3F281185666AD005B28AA /* APGame.m in Sources */ = {isa = PBXBuildFile; fileRef = AEE3F280185666AD005B28AA /* APGame.m */; };
/* End PBXBuildFile section */

/* Begin PBXContainerItemProxy section */
		AE5B98F61853527000C7F8D1 /* PBXContainerItemProxy */ = {
			isa = PBXContainerItemProxy;
			containerPortal = AE5B98C81853527000C7F8D1 /* Project object */;
			proxyType = 1;
			remoteGlobalIDString = AE5B98CF1853527000C7F8D1;
			remoteInfo = "Album Pairs";
		};
/* End PBXContainerItemProxy section */

/* Begin PBXFileReference section */
		01B9B33182A63E1928BEC3E9 /* Pods-Album Pairs.release.xcconfig */ = {isa = PBXFileReference; includeInIndex = 1; lastKnownFileType = text.xcconfig; name = "Pods-Album Pairs.release.xcconfig"; path = "Pods/Target Support Files/Pods-Album Pairs/Pods-Album Pairs.release.xcconfig"; sourceTree = "<group>"; };
		856522C264A154D4574AE422 /* Pods_Album_Pairs.framework */ = {isa = PBXFileReference; explicitFileType = wrapper.framework; includeInIndex = 0; path = Pods_Album_Pairs.framework; sourceTree = BUILT_PRODUCTS_DIR; };
		AE1AA05D185BA3EC0007AE5A /* StartViewController.h */ = {isa = PBXFileReference; fileEncoding = 4; lastKnownFileType = sourcecode.c.h; path = StartViewController.h; sourceTree = "<group>"; };
		AE1AA05E185BA3EC0007AE5A /* StartViewController.m */ = {isa = PBXFileReference; fileEncoding = 4; lastKnownFileType = sourcecode.c.objc; path = StartViewController.m; sourceTree = "<group>"; };
		AE1AA060185C879A0007AE5A /* APMusicPlayer.h */ = {isa = PBXFileReference; fileEncoding = 4; lastKnownFileType = sourcecode.c.h; path = APMusicPlayer.h; sourceTree = "<group>"; };
		AE1AA061185C879A0007AE5A /* APMusicPlayer.m */ = {isa = PBXFileReference; fileEncoding = 4; lastKnownFileType = sourcecode.c.objc; path = APMusicPlayer.m; sourceTree = "<group>"; };
		AE1AA064185CBE300007AE5A /* APMusicPlayerDelegate.h */ = {isa = PBXFileReference; lastKnownFileType = sourcecode.c.h; path = APMusicPlayerDelegate.h; sourceTree = "<group>"; };
		AE23259C185F785A002D308D /* Crashlytics.framework */ = {isa = PBXFileReference; lastKnownFileType = wrapper.framework; path = Crashlytics.framework; sourceTree = "<group>"; };
		AE23266B185F80F9002D308D /* CoreData.framework */ = {isa = PBXFileReference; lastKnownFileType = wrapper.framework; name = CoreData.framework; path = System/Library/Frameworks/CoreData.framework; sourceTree = SDKROOT; };
		AE23266D185F8101002D308D /* SystemConfiguration.framework */ = {isa = PBXFileReference; lastKnownFileType = wrapper.framework; name = SystemConfiguration.framework; path = System/Library/Frameworks/SystemConfiguration.framework; sourceTree = SDKROOT; };
		AE23266F185F810C002D308D /* libz.dylib */ = {isa = PBXFileReference; lastKnownFileType = "compiled.mach-o.dylib"; name = libz.dylib; path = usr/lib/libz.dylib; sourceTree = SDKROOT; };
		AE232679185F8960002D308D /* tick.png */ = {isa = PBXFileReference; lastKnownFileType = image.png; name = tick.png; path = "Album Pairs/Resources/tick.png"; sourceTree = "<group>"; };
		AE2A70E32421539800C948C2 /* Assets.xcassets */ = {isa = PBXFileReference; lastKnownFileType = folder.assetcatalog; path = Assets.xcassets; sourceTree = "<group>"; };
		AE3291F4186093FE00C2F2FF /* about.html */ = {isa = PBXFileReference; fileEncoding = 4; lastKnownFileType = text.html; path = about.html; sourceTree = "<group>"; };
		AE3291F61860947300C2F2FF /* AboutViewController.h */ = {isa = PBXFileReference; fileEncoding = 4; lastKnownFileType = sourcecode.c.h; path = AboutViewController.h; sourceTree = "<group>"; };
		AE3291F71860947300C2F2FF /* AboutViewController.m */ = {isa = PBXFileReference; fileEncoding = 4; lastKnownFileType = sourcecode.c.objc; path = AboutViewController.m; sourceTree = "<group>"; };
		AE5B98D01853527000C7F8D1 /* Album Pairs.app */ = {isa = PBXFileReference; explicitFileType = wrapper.application; includeInIndex = 0; path = "Album Pairs.app"; sourceTree = BUILT_PRODUCTS_DIR; };
		AE5B98D31853527000C7F8D1 /* Foundation.framework */ = {isa = PBXFileReference; lastKnownFileType = wrapper.framework; name = Foundation.framework; path = System/Library/Frameworks/Foundation.framework; sourceTree = SDKROOT; };
		AE5B98D51853527000C7F8D1 /* CoreGraphics.framework */ = {isa = PBXFileReference; lastKnownFileType = wrapper.framework; name = CoreGraphics.framework; path = System/Library/Frameworks/CoreGraphics.framework; sourceTree = SDKROOT; };
		AE5B98D71853527000C7F8D1 /* UIKit.framework */ = {isa = PBXFileReference; lastKnownFileType = wrapper.framework; name = UIKit.framework; path = System/Library/Frameworks/UIKit.framework; sourceTree = SDKROOT; };
		AE5B98DB1853527000C7F8D1 /* Album Pairs-Info.plist */ = {isa = PBXFileReference; lastKnownFileType = text.plist.xml; path = "Album Pairs-Info.plist"; sourceTree = "<group>"; };
		AE5B98DD1853527000C7F8D1 /* en */ = {isa = PBXFileReference; lastKnownFileType = text.plist.strings; name = en; path = en.lproj/InfoPlist.strings; sourceTree = "<group>"; };
		AE5B98DF1853527000C7F8D1 /* main.m */ = {isa = PBXFileReference; lastKnownFileType = sourcecode.c.objc; path = main.m; sourceTree = "<group>"; };
		AE5B98E11853527000C7F8D1 /* Album Pairs-Prefix.pch */ = {isa = PBXFileReference; lastKnownFileType = sourcecode.c.h; path = "Album Pairs-Prefix.pch"; sourceTree = "<group>"; };
		AE5B98E21853527000C7F8D1 /* AppDelegate.h */ = {isa = PBXFileReference; lastKnownFileType = sourcecode.c.h; path = AppDelegate.h; sourceTree = "<group>"; };
		AE5B98E31853527000C7F8D1 /* AppDelegate.m */ = {isa = PBXFileReference; lastKnownFileType = sourcecode.c.objc; path = AppDelegate.m; sourceTree = "<group>"; };
		AE5B98E61853527000C7F8D1 /* Base */ = {isa = PBXFileReference; lastKnownFileType = file.storyboard; name = Base; path = Base.lproj/Main.storyboard; sourceTree = "<group>"; };
		AE5B98E81853527000C7F8D1 /* GameViewController.h */ = {isa = PBXFileReference; lastKnownFileType = sourcecode.c.h; path = GameViewController.h; sourceTree = "<group>"; };
		AE5B98E91853527000C7F8D1 /* GameViewController.m */ = {isa = PBXFileReference; lastKnownFileType = sourcecode.c.objc; path = GameViewController.m; sourceTree = "<group>"; };
		AE5B98EB1853527000C7F8D1 /* Images.xcassets */ = {isa = PBXFileReference; lastKnownFileType = folder.assetcatalog; path = Images.xcassets; sourceTree = "<group>"; };
		AE5B98F11853527000C7F8D1 /* Album PairsTests.xctest */ = {isa = PBXFileReference; explicitFileType = wrapper.cfbundle; includeInIndex = 0; path = "Album PairsTests.xctest"; sourceTree = BUILT_PRODUCTS_DIR; };
		AE5B98F21853527000C7F8D1 /* XCTest.framework */ = {isa = PBXFileReference; lastKnownFileType = wrapper.framework; name = XCTest.framework; path = Library/Frameworks/XCTest.framework; sourceTree = DEVELOPER_DIR; };
		AE5B98FA1853527000C7F8D1 /* Album PairsTests-Info.plist */ = {isa = PBXFileReference; lastKnownFileType = text.plist.xml; path = "Album PairsTests-Info.plist"; sourceTree = "<group>"; };
		AE5B98FC1853527000C7F8D1 /* en */ = {isa = PBXFileReference; lastKnownFileType = text.plist.strings; name = en; path = en.lproj/InfoPlist.strings; sourceTree = "<group>"; };
		AE5B98FE1853527000C7F8D1 /* Album_PairsTests.m */ = {isa = PBXFileReference; lastKnownFileType = sourcecode.c.objc; path = Album_PairsTests.m; sourceTree = "<group>"; };
		AE5B990D1853752000C7F8D1 /* APCard.h */ = {isa = PBXFileReference; fileEncoding = 4; lastKnownFileType = sourcecode.c.h; path = APCard.h; sourceTree = "<group>"; };
		AE5B990E1853752000C7F8D1 /* APCard.m */ = {isa = PBXFileReference; fileEncoding = 4; lastKnownFileType = sourcecode.c.objc; path = APCard.m; sourceTree = "<group>"; };
		AE5B99101853B53000C7F8D1 /* card-back.png */ = {isa = PBXFileReference; lastKnownFileType = image.png; name = "card-back.png"; path = "Album Pairs/Resources/card-back.png"; sourceTree = "<group>"; };
		AE5B99121854EA3900C7F8D1 /* GameKit.framework */ = {isa = PBXFileReference; lastKnownFileType = wrapper.framework; name = GameKit.framework; path = System/Library/Frameworks/GameKit.framework; sourceTree = SDKROOT; };
		AE8382A81857281000E06C10 /* PairsCard.h */ = {isa = PBXFileReference; fileEncoding = 4; lastKnownFileType = sourcecode.c.h; path = PairsCard.h; sourceTree = "<group>"; };
		AE8382A91857281000E06C10 /* PairsCard.m */ = {isa = PBXFileReference; fileEncoding = 4; lastKnownFileType = sourcecode.c.objc; path = PairsCard.m; sourceTree = "<group>"; };
		AE8C97201860B84100B4A207 /* names.txt */ = {isa = PBXFileReference; fileEncoding = 4; lastKnownFileType = text; path = names.txt; sourceTree = "<group>"; };
		AE8C97221860BAB600B4A207 /* ClassicAlbums */ = {isa = PBXFileReference; lastKnownFileType = folder; path = ClassicAlbums; sourceTree = "<group>"; };
		AE8C982E1860CB5000B4A207 /* AdSupport.framework */ = {isa = PBXFileReference; lastKnownFileType = wrapper.framework; name = AdSupport.framework; path = System/Library/Frameworks/AdSupport.framework; sourceTree = SDKROOT; };
		AE8C9850186101E600B4A207 /* Changelog.txt */ = {isa = PBXFileReference; fileEncoding = 4; lastKnownFileType = text; path = Changelog.txt; sourceTree = "<group>"; };
		AE8C9852186101E600B4A207 /* GAI.h */ = {isa = PBXFileReference; fileEncoding = 4; lastKnownFileType = sourcecode.c.h; path = GAI.h; sourceTree = "<group>"; };
		AE8C9853186101E600B4A207 /* GAIDictionaryBuilder.h */ = {isa = PBXFileReference; fileEncoding = 4; lastKnownFileType = sourcecode.c.h; path = GAIDictionaryBuilder.h; sourceTree = "<group>"; };
		AE8C9854186101E600B4A207 /* GAIFields.h */ = {isa = PBXFileReference; fileEncoding = 4; lastKnownFileType = sourcecode.c.h; path = GAIFields.h; sourceTree = "<group>"; };
		AE8C9855186101E600B4A207 /* GAILogger.h */ = {isa = PBXFileReference; fileEncoding = 4; lastKnownFileType = sourcecode.c.h; path = GAILogger.h; sourceTree = "<group>"; };
		AE8C9856186101E600B4A207 /* GAITrackedViewController.h */ = {isa = PBXFileReference; fileEncoding = 4; lastKnownFileType = sourcecode.c.h; path = GAITrackedViewController.h; sourceTree = "<group>"; };
		AE8C9857186101E600B4A207 /* GAITracker.h */ = {isa = PBXFileReference; fileEncoding = 4; lastKnownFileType = sourcecode.c.h; path = GAITracker.h; sourceTree = "<group>"; };
		AE8C9858186101E600B4A207 /* libGoogleAnalytics_debug.a */ = {isa = PBXFileReference; lastKnownFileType = archive.ar; path = libGoogleAnalytics_debug.a; sourceTree = "<group>"; };
		AE8C9859186101E600B4A207 /* Readme.txt */ = {isa = PBXFileReference; fileEncoding = 4; lastKnownFileType = text; path = Readme.txt; sourceTree = "<group>"; };
		AE8C985B186101E600B4A207 /* Changelog.txt */ = {isa = PBXFileReference; fileEncoding = 4; lastKnownFileType = text; path = Changelog.txt; sourceTree = "<group>"; };
		AE8C985D186101E600B4A207 /* TAGContainer.h */ = {isa = PBXFileReference; fileEncoding = 4; lastKnownFileType = sourcecode.c.h; path = TAGContainer.h; sourceTree = "<group>"; };
		AE8C985E186101E600B4A207 /* TAGContainerOpener.h */ = {isa = PBXFileReference; fileEncoding = 4; lastKnownFileType = sourcecode.c.h; path = TAGContainerOpener.h; sourceTree = "<group>"; };
		AE8C985F186101E600B4A207 /* TAGDataLayer.h */ = {isa = PBXFileReference; fileEncoding = 4; lastKnownFileType = sourcecode.c.h; path = TAGDataLayer.h; sourceTree = "<group>"; };
		AE8C9860186101E600B4A207 /* TAGLogger.h */ = {isa = PBXFileReference; fileEncoding = 4; lastKnownFileType = sourcecode.c.h; path = TAGLogger.h; sourceTree = "<group>"; };
		AE8C9861186101E600B4A207 /* TAGManager.h */ = {isa = PBXFileReference; fileEncoding = 4; lastKnownFileType = sourcecode.c.h; path = TAGManager.h; sourceTree = "<group>"; };
		AE8C9862186101E600B4A207 /* Readme.txt */ = {isa = PBXFileReference; fileEncoding = 4; lastKnownFileType = text; path = Readme.txt; sourceTree = "<group>"; };
		AE8C9863186101E600B4A207 /* libGoogleAnalyticsServices.a */ = {isa = PBXFileReference; lastKnownFileType = archive.ar; path = libGoogleAnalyticsServices.a; sourceTree = "<group>"; };
		AE8C9864186101E600B4A207 /* Readme.txt */ = {isa = PBXFileReference; fileEncoding = 4; lastKnownFileType = text; path = Readme.txt; sourceTree = "<group>"; };
		AE953FA4242149B80055E1D5 /* background.png */ = {isa = PBXFileReference; lastKnownFileType = image.png; path = background.png; sourceTree = "<group>"; };
		AE953FA5242149B80055E1D5 /* background@2x.png */ = {isa = PBXFileReference; lastKnownFileType = image.png; path = "background@2x.png"; sourceTree = "<group>"; };
		AEC90A28188560B900A48F97 /* player_buttons */ = {isa = PBXFileReference; lastKnownFileType = folder; path = player_buttons; sourceTree = "<group>"; };
		AEDEDB2A185B937700DD1127 /* Config.plist */ = {isa = PBXFileReference; fileEncoding = 4; lastKnownFileType = text.plist.xml; path = Config.plist; sourceTree = "<group>"; };
		AEE3F27F185666AD005B28AA /* APGame.h */ = {isa = PBXFileReference; fileEncoding = 4; lastKnownFileType = sourcecode.c.h; path = APGame.h; sourceTree = "<group>"; };
		AEE3F280185666AD005B28AA /* APGame.m */ = {isa = PBXFileReference; fileEncoding = 4; lastKnownFileType = sourcecode.c.objc; path = APGame.m; sourceTree = "<group>"; };
		AEE3F28218566EFD005B28AA /* PairsGameDelegate.h */ = {isa = PBXFileReference; lastKnownFileType = sourcecode.c.h; path = PairsGameDelegate.h; sourceTree = "<group>"; };
		BCB10865B76261A00A70C9D9 /* Pods-Album Pairs.debug.xcconfig */ = {isa = PBXFileReference; includeInIndex = 1; lastKnownFileType = text.xcconfig; name = "Pods-Album Pairs.debug.xcconfig"; path = "Pods/Target Support Files/Pods-Album Pairs/Pods-Album Pairs.debug.xcconfig"; sourceTree = "<group>"; };
/* End PBXFileReference section */

/* Begin PBXFrameworksBuildPhase section */
		AE5B98CD1853527000C7F8D1 /* Frameworks */ = {
			isa = PBXFrameworksBuildPhase;
			buildActionMask = 2147483647;
			files = (
				AE8C986C1861022D00B4A207 /* libz.dylib in Frameworks */,
				AE8C982F1860CB5000B4A207 /* AdSupport.framework in Frameworks */,
				AE8C97FB1860C6C700B4A207 /* SystemConfiguration.framework in Frameworks */,
				AE1AECE51AFA204F00C33A3C /* Crashlytics.framework in Frameworks */,
				AE8C97FA1860C6BF00B4A207 /* CoreData.framework in Frameworks */,
				AE5B98D61853527000C7F8D1 /* CoreGraphics.framework in Frameworks */,
				AE5B98D81853527000C7F8D1 /* UIKit.framework in Frameworks */,
				AE5B98D41853527000C7F8D1 /* Foundation.framework in Frameworks */,
				AE5B99131854EA3900C7F8D1 /* GameKit.framework in Frameworks */,
				8BFC7E9AE0E565EB51DE6C75 /* Pods_Album_Pairs.framework in Frameworks */,
			);
			runOnlyForDeploymentPostprocessing = 0;
		};
		AE5B98EE1853527000C7F8D1 /* Frameworks */ = {
			isa = PBXFrameworksBuildPhase;
			buildActionMask = 2147483647;
			files = (
				AE5B98F31853527000C7F8D1 /* XCTest.framework in Frameworks */,
				AE5B98F51853527000C7F8D1 /* UIKit.framework in Frameworks */,
				AE5B98F41853527000C7F8D1 /* Foundation.framework in Frameworks */,
			);
			runOnlyForDeploymentPostprocessing = 0;
		};
/* End PBXFrameworksBuildPhase section */

/* Begin PBXGroup section */
		AE5B98C71853527000C7F8D1 = {
			isa = PBXGroup;
			children = (
				AE2A70E32421539800C948C2 /* Assets.xcassets */,
				AEC90A28188560B900A48F97 /* player_buttons */,
				AE8C984E186101E600B4A207 /* GoogleAnalyticsServices */,
				AE8C97221860BAB600B4A207 /* ClassicAlbums */,
				AE8C97201860B84100B4A207 /* names.txt */,
				AE3291F4186093FE00C2F2FF /* about.html */,
				AE953FA4242149B80055E1D5 /* background.png */,
				AE953FA5242149B80055E1D5 /* background@2x.png */,
				AE232679185F8960002D308D /* tick.png */,
				AEDEDB2A185B937700DD1127 /* Config.plist */,
				AE5B99101853B53000C7F8D1 /* card-back.png */,
				AE5B98D91853527000C7F8D1 /* Album Pairs */,
				AE5B98F81853527000C7F8D1 /* Album PairsTests */,
				AE5B98D21853527000C7F8D1 /* Frameworks */,
				AE5B98D11853527000C7F8D1 /* Products */,
				E16FD186E9726D7602C3579F /* Pods */,
			);
			sourceTree = "<group>";
		};
		AE5B98D11853527000C7F8D1 /* Products */ = {
			isa = PBXGroup;
			children = (
				AE5B98D01853527000C7F8D1 /* Album Pairs.app */,
				AE5B98F11853527000C7F8D1 /* Album PairsTests.xctest */,
			);
			name = Products;
			sourceTree = "<group>";
		};
		AE5B98D21853527000C7F8D1 /* Frameworks */ = {
			isa = PBXGroup;
			children = (
				AE8C982E1860CB5000B4A207 /* AdSupport.framework */,
				AE23266F185F810C002D308D /* libz.dylib */,
				AE23266D185F8101002D308D /* SystemConfiguration.framework */,
				AE23266B185F80F9002D308D /* CoreData.framework */,
				AE23259C185F785A002D308D /* Crashlytics.framework */,
				AE5B99121854EA3900C7F8D1 /* GameKit.framework */,
				AE5B98D31853527000C7F8D1 /* Foundation.framework */,
				AE5B98D51853527000C7F8D1 /* CoreGraphics.framework */,
				AE5B98D71853527000C7F8D1 /* UIKit.framework */,
				AE5B98F21853527000C7F8D1 /* XCTest.framework */,
				856522C264A154D4574AE422 /* Pods_Album_Pairs.framework */,
			);
			name = Frameworks;
			sourceTree = "<group>";
		};
		AE5B98D91853527000C7F8D1 /* Album Pairs */ = {
			isa = PBXGroup;
			children = (
				AE8382A71857277900E06C10 /* Pairs */,
				AE5B990D1853752000C7F8D1 /* APCard.h */,
				AE5B990E1853752000C7F8D1 /* APCard.m */,
				AE5B98E21853527000C7F8D1 /* AppDelegate.h */,
				AE5B98E31853527000C7F8D1 /* AppDelegate.m */,
				AE5B98E51853527000C7F8D1 /* Main.storyboard */,
				AE3291F61860947300C2F2FF /* AboutViewController.h */,
				AE3291F71860947300C2F2FF /* AboutViewController.m */,
				AE5B98E81853527000C7F8D1 /* GameViewController.h */,
				AE5B98E91853527000C7F8D1 /* GameViewController.m */,
				AE1AA060185C879A0007AE5A /* APMusicPlayer.h */,
				AE1AA061185C879A0007AE5A /* APMusicPlayer.m */,
				AE1AA064185CBE300007AE5A /* APMusicPlayerDelegate.h */,
				AE1AA05D185BA3EC0007AE5A /* StartViewController.h */,
				AE1AA05E185BA3EC0007AE5A /* StartViewController.m */,
				AEE3F27F185666AD005B28AA /* APGame.h */,
				AEE3F280185666AD005B28AA /* APGame.m */,
				AE5B98EB1853527000C7F8D1 /* Images.xcassets */,
				AE5B98DA1853527000C7F8D1 /* Supporting Files */,
			);
			path = "Album Pairs";
			sourceTree = "<group>";
		};
		AE5B98DA1853527000C7F8D1 /* Supporting Files */ = {
			isa = PBXGroup;
			children = (
				AE5B98DB1853527000C7F8D1 /* Album Pairs-Info.plist */,
				AE5B98DC1853527000C7F8D1 /* InfoPlist.strings */,
				AE5B98DF1853527000C7F8D1 /* main.m */,
				AE5B98E11853527000C7F8D1 /* Album Pairs-Prefix.pch */,
			);
			name = "Supporting Files";
			sourceTree = "<group>";
		};
		AE5B98F81853527000C7F8D1 /* Album PairsTests */ = {
			isa = PBXGroup;
			children = (
				AE5B98FE1853527000C7F8D1 /* Album_PairsTests.m */,
				AE5B98F91853527000C7F8D1 /* Supporting Files */,
			);
			path = "Album PairsTests";
			sourceTree = "<group>";
		};
		AE5B98F91853527000C7F8D1 /* Supporting Files */ = {
			isa = PBXGroup;
			children = (
				AE5B98FA1853527000C7F8D1 /* Album PairsTests-Info.plist */,
				AE5B98FB1853527000C7F8D1 /* InfoPlist.strings */,
			);
			name = "Supporting Files";
			sourceTree = "<group>";
		};
		AE8382A71857277900E06C10 /* Pairs */ = {
			isa = PBXGroup;
			children = (
				AEE3F28218566EFD005B28AA /* PairsGameDelegate.h */,
				AE8382A81857281000E06C10 /* PairsCard.h */,
				AE8382A91857281000E06C10 /* PairsCard.m */,
			);
			name = Pairs;
			sourceTree = "<group>";
		};
		AE8C984E186101E600B4A207 /* GoogleAnalyticsServices */ = {
			isa = PBXGroup;
			children = (
				AE8C984F186101E600B4A207 /* GoogleAnalytics */,
				AE8C985A186101E600B4A207 /* GoogleTagManager */,
				AE8C9863186101E600B4A207 /* libGoogleAnalyticsServices.a */,
				AE8C9864186101E600B4A207 /* Readme.txt */,
			);
			path = GoogleAnalyticsServices;
			sourceTree = "<group>";
		};
		AE8C984F186101E600B4A207 /* GoogleAnalytics */ = {
			isa = PBXGroup;
			children = (
				AE8C9850186101E600B4A207 /* Changelog.txt */,
				AE8C9851186101E600B4A207 /* Library */,
				AE8C9859186101E600B4A207 /* Readme.txt */,
			);
			path = GoogleAnalytics;
			sourceTree = "<group>";
		};
		AE8C9851186101E600B4A207 /* Library */ = {
			isa = PBXGroup;
			children = (
				AE8C9852186101E600B4A207 /* GAI.h */,
				AE8C9853186101E600B4A207 /* GAIDictionaryBuilder.h */,
				AE8C9854186101E600B4A207 /* GAIFields.h */,
				AE8C9855186101E600B4A207 /* GAILogger.h */,
				AE8C9856186101E600B4A207 /* GAITrackedViewController.h */,
				AE8C9857186101E600B4A207 /* GAITracker.h */,
				AE8C9858186101E600B4A207 /* libGoogleAnalytics_debug.a */,
			);
			path = Library;
			sourceTree = "<group>";
		};
		AE8C985A186101E600B4A207 /* GoogleTagManager */ = {
			isa = PBXGroup;
			children = (
				AE8C985B186101E600B4A207 /* Changelog.txt */,
				AE8C985C186101E600B4A207 /* Library */,
				AE8C9862186101E600B4A207 /* Readme.txt */,
			);
			path = GoogleTagManager;
			sourceTree = "<group>";
		};
		AE8C985C186101E600B4A207 /* Library */ = {
			isa = PBXGroup;
			children = (
				AE8C985D186101E600B4A207 /* TAGContainer.h */,
				AE8C985E186101E600B4A207 /* TAGContainerOpener.h */,
				AE8C985F186101E600B4A207 /* TAGDataLayer.h */,
				AE8C9860186101E600B4A207 /* TAGLogger.h */,
				AE8C9861186101E600B4A207 /* TAGManager.h */,
			);
			path = Library;
			sourceTree = "<group>";
		};
		E16FD186E9726D7602C3579F /* Pods */ = {
			isa = PBXGroup;
			children = (
				BCB10865B76261A00A70C9D9 /* Pods-Album Pairs.debug.xcconfig */,
				01B9B33182A63E1928BEC3E9 /* Pods-Album Pairs.release.xcconfig */,
			);
			name = Pods;
			sourceTree = "<group>";
		};
/* End PBXGroup section */

/* Begin PBXNativeTarget section */
		AE5B98CF1853527000C7F8D1 /* Album Pairs */ = {
			isa = PBXNativeTarget;
			buildConfigurationList = AE5B99021853527000C7F8D1 /* Build configuration list for PBXNativeTarget "Album Pairs" */;
			buildPhases = (
				CDF103E8C761CBA0BA1A3AF8 /* [CP] Check Pods Manifest.lock */,
				AE5B98CC1853527000C7F8D1 /* Sources */,
				AE5B98CD1853527000C7F8D1 /* Frameworks */,
				AE5B98CE1853527000C7F8D1 /* Resources */,
				6F39C9810CCFAC3D5236CB21 /* [CP] Embed Pods Frameworks */,
			);
			buildRules = (
			);
			dependencies = (
			);
			name = "Album Pairs";
			productName = "Album Pairs";
			productReference = AE5B98D01853527000C7F8D1 /* Album Pairs.app */;
			productType = "com.apple.product-type.application";
		};
		AE5B98F01853527000C7F8D1 /* Album PairsTests */ = {
			isa = PBXNativeTarget;
			buildConfigurationList = AE5B99051853527000C7F8D1 /* Build configuration list for PBXNativeTarget "Album PairsTests" */;
			buildPhases = (
				AE5B98ED1853527000C7F8D1 /* Sources */,
				AE5B98EE1853527000C7F8D1 /* Frameworks */,
				AE5B98EF1853527000C7F8D1 /* Resources */,
			);
			buildRules = (
			);
			dependencies = (
				AE5B98F71853527000C7F8D1 /* PBXTargetDependency */,
			);
			name = "Album PairsTests";
			productName = "Album PairsTests";
			productReference = AE5B98F11853527000C7F8D1 /* Album PairsTests.xctest */;
			productType = "com.apple.product-type.bundle.unit-test";
		};
/* End PBXNativeTarget section */

/* Begin PBXProject section */
		AE5B98C81853527000C7F8D1 /* Project object */ = {
			isa = PBXProject;
			attributes = {
				LastUpgradeCheck = 0500;
				ORGANIZATIONNAME = "Iain Mullan";
				TargetAttributes = {
					AE5B98CF1853527000C7F8D1 = {
						DevelopmentTeam = 356MFXZF77;
						SystemCapabilities = {
							com.apple.GameCenter = {
								enabled = 1;
							};
						};
					};
					AE5B98F01853527000C7F8D1 = {
						TestTargetID = AE5B98CF1853527000C7F8D1;
					};
				};
			};
			buildConfigurationList = AE5B98CB1853527000C7F8D1 /* Build configuration list for PBXProject "Album Pairs" */;
			compatibilityVersion = "Xcode 3.2";
			developmentRegion = English;
			hasScannedForEncodings = 0;
			knownRegions = (
				English,
				en,
				Base,
			);
			mainGroup = AE5B98C71853527000C7F8D1;
			productRefGroup = AE5B98D11853527000C7F8D1 /* Products */;
			projectDirPath = "";
			projectRoot = "";
			targets = (
				AE5B98CF1853527000C7F8D1 /* Album Pairs */,
				AE5B98F01853527000C7F8D1 /* Album PairsTests */,
			);
		};
/* End PBXProject section */

/* Begin PBXResourcesBuildPhase section */
		AE5B98CE1853527000C7F8D1 /* Resources */ = {
			isa = PBXResourcesBuildPhase;
			buildActionMask = 2147483647;
			files = (
				AE5B99111853B53000C7F8D1 /* card-back.png in Resources */,
				AE5B98EC1853527000C7F8D1 /* Images.xcassets in Resources */,
				AE5B98DE1853527000C7F8D1 /* InfoPlist.strings in Resources */,
				AEC90A29188560B900A48F97 /* player_buttons in Resources */,
				AE23267A185F8960002D308D /* tick.png in Resources */,
				AE3291F5186093FE00C2F2FF /* about.html in Resources */,
				AE2A70E42421539800C948C2 /* Assets.xcassets in Resources */,
				AE8C97211860B84100B4A207 /* names.txt in Resources */,
				AEDEDB2B185B937700DD1127 /* Config.plist in Resources */,
				AE5B98E71853527000C7F8D1 /* Main.storyboard in Resources */,
				AE953FA6242149B80055E1D5 /* background.png in Resources */,
				AE953FA7242149B80055E1D5 /* background@2x.png in Resources */,
				AE8C97231860BAB600B4A207 /* ClassicAlbums in Resources */,
			);
			runOnlyForDeploymentPostprocessing = 0;
		};
		AE5B98EF1853527000C7F8D1 /* Resources */ = {
			isa = PBXResourcesBuildPhase;
			buildActionMask = 2147483647;
			files = (
				AE5B98FD1853527000C7F8D1 /* InfoPlist.strings in Resources */,
			);
			runOnlyForDeploymentPostprocessing = 0;
		};
/* End PBXResourcesBuildPhase section */

/* Begin PBXShellScriptBuildPhase section */
		6F39C9810CCFAC3D5236CB21 /* [CP] Embed Pods Frameworks */ = {
			isa = PBXShellScriptBuildPhase;
			buildActionMask = 2147483647;
			files = (
			);
			inputFileListPaths = (
			);
			inputPaths = (
				"${SRCROOT}/Pods/Target Support Files/Pods-Album Pairs/Pods-Album Pairs-frameworks.sh",
				"${BUILT_PRODUCTS_DIR}/KissXML/KissXML.framework",
				"${BUILT_PRODUCTS_DIR}/LastFm/LastFm.framework",
			);
			name = "[CP] Embed Pods Frameworks";
			outputFileListPaths = (
			);
			outputPaths = (
				"${TARGET_BUILD_DIR}/${FRAMEWORKS_FOLDER_PATH}/KissXML.framework",
				"${TARGET_BUILD_DIR}/${FRAMEWORKS_FOLDER_PATH}/LastFm.framework",
			);
			runOnlyForDeploymentPostprocessing = 0;
			shellPath = /bin/sh;
			shellScript = "\"${SRCROOT}/Pods/Target Support Files/Pods-Album Pairs/Pods-Album Pairs-frameworks.sh\"\n";
			showEnvVarsInLog = 0;
		};
		CDF103E8C761CBA0BA1A3AF8 /* [CP] Check Pods Manifest.lock */ = {
			isa = PBXShellScriptBuildPhase;
			buildActionMask = 2147483647;
			files = (
			);
			inputFileListPaths = (
			);
			inputPaths = (
				"${PODS_PODFILE_DIR_PATH}/Podfile.lock",
				"${PODS_ROOT}/Manifest.lock",
			);
			name = "[CP] Check Pods Manifest.lock";
			outputFileListPaths = (
			);
			outputPaths = (
				"$(DERIVED_FILE_DIR)/Pods-Album Pairs-checkManifestLockResult.txt",
			);
			runOnlyForDeploymentPostprocessing = 0;
			shellPath = /bin/sh;
			shellScript = "diff \"${PODS_PODFILE_DIR_PATH}/Podfile.lock\" \"${PODS_ROOT}/Manifest.lock\" > /dev/null\nif [ $? != 0 ] ; then\n    # print error to STDERR\n    echo \"error: The sandbox is not in sync with the Podfile.lock. Run 'pod install' or update your CocoaPods installation.\" >&2\n    exit 1\nfi\n# This output is used by Xcode 'outputs' to avoid re-running this script phase.\necho \"SUCCESS\" > \"${SCRIPT_OUTPUT_FILE_0}\"\n";
			showEnvVarsInLog = 0;
		};
/* End PBXShellScriptBuildPhase section */

/* Begin PBXSourcesBuildPhase section */
		AE5B98CC1853527000C7F8D1 /* Sources */ = {
			isa = PBXSourcesBuildPhase;
			buildActionMask = 2147483647;
			files = (
				AE3291F81860947300C2F2FF /* AboutViewController.m in Sources */,
				AE5B98EA1853527000C7F8D1 /* GameViewController.m in Sources */,
				AE1AA062185C879A0007AE5A /* APMusicPlayer.m in Sources */,
				AE8382AA1857281000E06C10 /* PairsCard.m in Sources */,
				AE5B98E41853527000C7F8D1 /* AppDelegate.m in Sources */,
				AE1AA05F185BA3EC0007AE5A /* StartViewController.m in Sources */,
				AE5B990F1853752000C7F8D1 /* APCard.m in Sources */,
				AEE3F281185666AD005B28AA /* APGame.m in Sources */,
				AE5B98E01853527000C7F8D1 /* main.m in Sources */,
			);
			runOnlyForDeploymentPostprocessing = 0;
		};
		AE5B98ED1853527000C7F8D1 /* Sources */ = {
			isa = PBXSourcesBuildPhase;
			buildActionMask = 2147483647;
			files = (
				AE5B98FF1853527000C7F8D1 /* Album_PairsTests.m in Sources */,
			);
			runOnlyForDeploymentPostprocessing = 0;
		};
/* End PBXSourcesBuildPhase section */

/* Begin PBXTargetDependency section */
		AE5B98F71853527000C7F8D1 /* PBXTargetDependency */ = {
			isa = PBXTargetDependency;
			target = AE5B98CF1853527000C7F8D1 /* Album Pairs */;
			targetProxy = AE5B98F61853527000C7F8D1 /* PBXContainerItemProxy */;
		};
/* End PBXTargetDependency section */

/* Begin PBXVariantGroup section */
		AE5B98DC1853527000C7F8D1 /* InfoPlist.strings */ = {
			isa = PBXVariantGroup;
			children = (
				AE5B98DD1853527000C7F8D1 /* en */,
			);
			name = InfoPlist.strings;
			sourceTree = "<group>";
		};
		AE5B98E51853527000C7F8D1 /* Main.storyboard */ = {
			isa = PBXVariantGroup;
			children = (
				AE5B98E61853527000C7F8D1 /* Base */,
			);
			name = Main.storyboard;
			sourceTree = "<group>";
		};
		AE5B98FB1853527000C7F8D1 /* InfoPlist.strings */ = {
			isa = PBXVariantGroup;
			children = (
				AE5B98FC1853527000C7F8D1 /* en */,
			);
			name = InfoPlist.strings;
			sourceTree = "<group>";
		};
/* End PBXVariantGroup section */

/* Begin XCBuildConfiguration section */
		AE5B99001853527000C7F8D1 /* Debug */ = {
			isa = XCBuildConfiguration;
			buildSettings = {
				ALWAYS_SEARCH_USER_PATHS = NO;
				ARCHS = "$(ARCHS_STANDARD)";
				CLANG_CXX_LANGUAGE_STANDARD = "gnu++0x";
				CLANG_CXX_LIBRARY = "libc++";
				CLANG_ENABLE_MODULES = YES;
				CLANG_ENABLE_OBJC_ARC = YES;
				CLANG_WARN_BOOL_CONVERSION = YES;
				CLANG_WARN_CONSTANT_CONVERSION = YES;
				CLANG_WARN_DIRECT_OBJC_ISA_USAGE = YES_ERROR;
				CLANG_WARN_EMPTY_BODY = YES;
				CLANG_WARN_ENUM_CONVERSION = YES;
				CLANG_WARN_INT_CONVERSION = YES;
				CLANG_WARN_OBJC_ROOT_CLASS = YES_ERROR;
				CLANG_WARN__DUPLICATE_METHOD_MATCH = YES;
				"CODE_SIGN_IDENTITY[sdk=iphoneos*]" = "iPhone Developer";
				COPY_PHASE_STRIP = NO;
				GCC_C_LANGUAGE_STANDARD = gnu99;
				GCC_DYNAMIC_NO_PIC = NO;
				GCC_OPTIMIZATION_LEVEL = 0;
				GCC_PREPROCESSOR_DEFINITIONS = (
					"DEBUG=1",
					"$(inherited)",
				);
				GCC_SYMBOLS_PRIVATE_EXTERN = NO;
				GCC_WARN_64_TO_32_BIT_CONVERSION = YES;
				GCC_WARN_ABOUT_RETURN_TYPE = YES_ERROR;
				GCC_WARN_UNDECLARED_SELECTOR = YES;
				GCC_WARN_UNINITIALIZED_AUTOS = YES;
				GCC_WARN_UNUSED_FUNCTION = YES;
				GCC_WARN_UNUSED_VARIABLE = YES;
				IPHONEOS_DEPLOYMENT_TARGET = 10.0;
				ONLY_ACTIVE_ARCH = YES;
				SDKROOT = iphoneos;
				TARGETED_DEVICE_FAMILY = 2;
			};
			name = Debug;
		};
		AE5B99011853527000C7F8D1 /* Release */ = {
			isa = XCBuildConfiguration;
			buildSettings = {
				ALWAYS_SEARCH_USER_PATHS = NO;
				ARCHS = "$(ARCHS_STANDARD)";
				CLANG_CXX_LANGUAGE_STANDARD = "gnu++0x";
				CLANG_CXX_LIBRARY = "libc++";
				CLANG_ENABLE_MODULES = YES;
				CLANG_ENABLE_OBJC_ARC = YES;
				CLANG_WARN_BOOL_CONVERSION = YES;
				CLANG_WARN_CONSTANT_CONVERSION = YES;
				CLANG_WARN_DIRECT_OBJC_ISA_USAGE = YES_ERROR;
				CLANG_WARN_EMPTY_BODY = YES;
				CLANG_WARN_ENUM_CONVERSION = YES;
				CLANG_WARN_INT_CONVERSION = YES;
				CLANG_WARN_OBJC_ROOT_CLASS = YES_ERROR;
				CLANG_WARN__DUPLICATE_METHOD_MATCH = YES;
				"CODE_SIGN_IDENTITY[sdk=iphoneos*]" = "iPhone Developer";
				COPY_PHASE_STRIP = YES;
				ENABLE_NS_ASSERTIONS = NO;
				GCC_C_LANGUAGE_STANDARD = gnu99;
				GCC_WARN_64_TO_32_BIT_CONVERSION = YES;
				GCC_WARN_ABOUT_RETURN_TYPE = YES_ERROR;
				GCC_WARN_UNDECLARED_SELECTOR = YES;
				GCC_WARN_UNINITIALIZED_AUTOS = YES;
				GCC_WARN_UNUSED_FUNCTION = YES;
				GCC_WARN_UNUSED_VARIABLE = YES;
				IPHONEOS_DEPLOYMENT_TARGET = 10.0;
				SDKROOT = iphoneos;
				TARGETED_DEVICE_FAMILY = 2;
				VALIDATE_PRODUCT = YES;
			};
			name = Release;
		};
		AE5B99031853527000C7F8D1 /* Debug */ = {
			isa = XCBuildConfiguration;
			baseConfigurationReference = BCB10865B76261A00A70C9D9 /* Pods-Album Pairs.debug.xcconfig */;
			buildSettings = {
				ASSETCATALOG_COMPILER_APPICON_NAME = AppIcon;
				ASSETCATALOG_COMPILER_LAUNCHIMAGE_NAME = LaunchImage;
				CODE_SIGN_IDENTITY = "iPhone Developer";
				"CODE_SIGN_IDENTITY[sdk=iphoneos*]" = "iPhone Developer";
				CURRENT_PROJECT_VERSION = 3;
				DEVELOPMENT_TEAM = 356MFXZF77;
				ENABLE_BITCODE = YES;
				FRAMEWORK_SEARCH_PATHS = (
					"$(inherited)",
					"/Users/iain/code/iain/album-pairs/ios",
					"$(PROJECT_DIR)",
				);
				GCC_PRECOMPILE_PREFIX_HEADER = YES;
				GCC_PREFIX_HEADER = "Album Pairs/Album Pairs-Prefix.pch";
				INFOPLIST_FILE = "Album Pairs/Album Pairs-Info.plist";
				IPHONEOS_DEPLOYMENT_TARGET = 10.0;
				LIBRARY_SEARCH_PATHS = (
					"$(inherited)",
					"/Users/iain/code/iain/album-pairs/ios/GoogleAnalyticsServices",
					"/Users/iain/code/iain/album-pairs/ios/GoogleAnalyticsServices/GoogleAnalytics/Library",
				);
				MARKETING_VERSION = 1.0.2;
				PRODUCT_NAME = "Album Pairs";
				PROVISIONING_PROFILE = "";
				TARGETED_DEVICE_FAMILY = 2;
				VALID_ARCHS = "armv7 armv7s arm64";
				WRAPPER_EXTENSION = app;
			};
			name = Debug;
		};
		AE5B99041853527000C7F8D1 /* Release */ = {
			isa = XCBuildConfiguration;
			baseConfigurationReference = 01B9B33182A63E1928BEC3E9 /* Pods-Album Pairs.release.xcconfig */;
			buildSettings = {
				ASSETCATALOG_COMPILER_APPICON_NAME = AppIcon;
				ASSETCATALOG_COMPILER_LAUNCHIMAGE_NAME = LaunchImage;
				CODE_SIGN_IDENTITY = "iPhone Developer";
				"CODE_SIGN_IDENTITY[sdk=iphoneos*]" = "iPhone Developer";
				CURRENT_PROJECT_VERSION = 3;
				DEVELOPMENT_TEAM = 356MFXZF77;
				ENABLE_BITCODE = YES;
				FRAMEWORK_SEARCH_PATHS = (
					"$(inherited)",
					"/Users/iain/code/iain/album-pairs/ios",
					"$(PROJECT_DIR)",
				);
				GCC_PRECOMPILE_PREFIX_HEADER = YES;
				GCC_PREFIX_HEADER = "Album Pairs/Album Pairs-Prefix.pch";
				INFOPLIST_FILE = "Album Pairs/Album Pairs-Info.plist";
				IPHONEOS_DEPLOYMENT_TARGET = 10.0;
				LIBRARY_SEARCH_PATHS = (
					"$(inherited)",
					"/Users/iain/code/iain/album-pairs/ios/GoogleAnalyticsServices",
					"/Users/iain/code/iain/album-pairs/ios/GoogleAnalyticsServices/GoogleAnalytics/Library",
				);
				MARKETING_VERSION = 1.0.2;
				PRODUCT_NAME = "Album Pairs";
				PROVISIONING_PROFILE = "";
				TARGETED_DEVICE_FAMILY = 2;
				VALID_ARCHS = "armv7 armv7s arm64";
				WRAPPER_EXTENSION = app;
			};
			name = Release;
		};
		AE5B99061853527000C7F8D1 /* Debug */ = {
			isa = XCBuildConfiguration;
			buildSettings = {
				ARCHS = "$(ARCHS_STANDARD_INCLUDING_64_BIT)";
				BUNDLE_LOADER = "$(BUILT_PRODUCTS_DIR)/Album Pairs.app/Album Pairs";
				FRAMEWORK_SEARCH_PATHS = (
					"$(SDKROOT)/Developer/Library/Frameworks",
					"$(inherited)",
					"$(DEVELOPER_FRAMEWORKS_DIR)",
				);
				GCC_PRECOMPILE_PREFIX_HEADER = YES;
				GCC_PREFIX_HEADER = "Album Pairs/Album Pairs-Prefix.pch";
				GCC_PREPROCESSOR_DEFINITIONS = (
					"DEBUG=1",
					"$(inherited)",
				);
				INFOPLIST_FILE = "Album PairsTests/Album PairsTests-Info.plist";
				PRODUCT_NAME = "$(TARGET_NAME)";
				TEST_HOST = "$(BUNDLE_LOADER)";
				WRAPPER_EXTENSION = xctest;
			};
			name = Debug;
		};
		AE5B99071853527000C7F8D1 /* Release */ = {
			isa = XCBuildConfiguration;
			buildSettings = {
				ARCHS = "$(ARCHS_STANDARD_INCLUDING_64_BIT)";
				BUNDLE_LOADER = "$(BUILT_PRODUCTS_DIR)/Album Pairs.app/Album Pairs";
				FRAMEWORK_SEARCH_PATHS = (
					"$(SDKROOT)/Developer/Library/Frameworks",
					"$(inherited)",
					"$(DEVELOPER_FRAMEWORKS_DIR)",
				);
				GCC_PRECOMPILE_PREFIX_HEADER = YES;
				GCC_PREFIX_HEADER = "Album Pairs/Album Pairs-Prefix.pch";
				INFOPLIST_FILE = "Album PairsTests/Album PairsTests-Info.plist";
				PRODUCT_NAME = "$(TARGET_NAME)";
				TEST_HOST = "$(BUNDLE_LOADER)";
				WRAPPER_EXTENSION = xctest;
			};
			name = Release;
		};
/* End XCBuildConfiguration section */

/* Begin XCConfigurationList section */
		AE5B98CB1853527000C7F8D1 /* Build configuration list for PBXProject "Album Pairs" */ = {
			isa = XCConfigurationList;
			buildConfigurations = (
				AE5B99001853527000C7F8D1 /* Debug */,
				AE5B99011853527000C7F8D1 /* Release */,
			);
			defaultConfigurationIsVisible = 0;
			defaultConfigurationName = Release;
		};
		AE5B99021853527000C7F8D1 /* Build configuration list for PBXNativeTarget "Album Pairs" */ = {
			isa = XCConfigurationList;
			buildConfigurations = (
				AE5B99031853527000C7F8D1 /* Debug */,
				AE5B99041853527000C7F8D1 /* Release */,
			);
			defaultConfigurationIsVisible = 0;
			defaultConfigurationName = Release;
		};
		AE5B99051853527000C7F8D1 /* Build configuration list for PBXNativeTarget "Album PairsTests" */ = {
			isa = XCConfigurationList;
			buildConfigurations = (
				AE5B99061853527000C7F8D1 /* Debug */,
				AE5B99071853527000C7F8D1 /* Release */,
			);
			defaultConfigurationIsVisible = 0;
			defaultConfigurationName = Release;
		};
/* End XCConfigurationList section */
	};
	rootObject = AE5B98C81853527000C7F8D1 /* Project object */;
}
